{
  "name": "RNSlideingLayout",
  "version": "0.0.1",
  "lockfileVersion": 1,
  "requires": true,
  "dependencies": {
    "babel-jest": {
      "version": "23.4.2",
      "resolved": "http://registry.npm.taobao.org/babel-jest/download/babel-jest-23.4.2.tgz",
      "integrity": "sha1-8nbeZ3mKXWjy1uh/9RjC9uFgmHc=",
      "dev": true
    },
    "babel-preset-react-native": {
      "version": "5.0.2",
      "resolved": "http://registry.npm.taobao.org/babel-preset-react-native/download/babel-preset-react-native-5.0.2.tgz",
      "integrity": "sha1-3+1iN5cSqcAX/5nOT76sHhHUIoU=",
      "dev": true,
      "dependencies": {
        "metro-babel7-plugin-react-transform": {
          "version": "0.39.1",
          "resolved": "http://registry.npm.taobao.org/metro-babel7-plugin-react-transform/download/metro-babel7-plugin-react-transform-0.39.1.tgz",
          "integrity": "sha1-3rhR+mkE7VufTjj2nj8xig+2cOY="
        }
      }
    },
    "jest": {
      "version": "23.5.0",
      "resolved": "http://registry.npm.taobao.org/jest/download/jest-23.5.0.tgz",
      "integrity": "sha1-gN41PRVupepKczL3lirHkTX7xi4=",
      "dev": true,
      "dependencies": {
        "ansi-regex": {
          "version": "3.0.0",
          "resolved": "http://registry.npm.taobao.org/ansi-regex/download/ansi-regex-3.0.0.tgz",
          "integrity": "sha1-7QMXwyIGT3lGbAKWa922Bas32Zg="
        },
        "ansi-styles": {
          "version": "3.2.1",
          "resolved": "http://registry.npm.taobao.org/ansi-styles/download/ansi-styles-3.2.1.tgz",
          "integrity": "sha1-QfuyAkPlCxK+DwS43tvwdSDOhB0="
        },
        "chalk": {
          "version": "2.4.1",
          "resolved": "http://registry.npm.taobao.org/chalk/download/chalk-2.4.1.tgz",
          "integrity": "sha1-GMSasWoDe26wFSzIPjRxM4IVtm4="
        },
        "cliui": {
          "version": "4.1.0",
          "resolved": "http://registry.npm.taobao.org/cliui/download/cliui-4.1.0.tgz",
          "integrity": "sha1-NIQi2+gtgAswIu709qwQvy5NG0k="
        },
        "jest-cli": {
          "version": "23.5.0",
          "resolved": "http://registry.npm.taobao.org/jest-cli/download/jest-cli-23.5.0.tgz",
          "integrity": "sha1-0xa440o4phCh78TwQD2O+KVeRJI="
        },
        "jest-docblock": {
          "version": "23.2.0",
          "resolved": "http://registry.npm.taobao.org/jest-docblock/download/jest-docblock-23.2.0.tgz",
          "integrity": "sha1-8IXh8YVI2Z/dabICB+b9VdkTg6c="
        },
        "jest-haste-map": {
          "version": "23.5.0",
          "resolved": "http://registry.npm.taobao.org/jest-haste-map/download/jest-haste-map-23.5.0.tgz",
          "integrity": "sha1-1MphgYi9OMqmyyA0nOZhDhlKgGU="
        },
        "jest-worker": {
          "version": "23.2.0",
          "resolved": "http://registry.npm.taobao.org/jest-worker/download/jest-worker-23.2.0.tgz",
          "integrity": "sha1-+vcGqNo2+uYOsmlXJX+ntdjqArk="
        },
        "strip-ansi": {
          "version": "4.0.0",
          "resolved": "http://registry.npm.taobao.org/strip-ansi/download/strip-ansi-4.0.0.tgz",
          "integrity": "sha1-qEeQIusaw2iocTibY1JixQXuNo8="
        },
        "supports-color": {
          "version": "5.5.0",
          "resolved": "http://registry.npm.taobao.org/supports-color/download/supports-color-5.5.0.tgz",
          "integrity": "sha1-4uaaRKyHcveKHsCzW2id9lMO/I8="
        },
        "yargs": {
          "version": "11.1.0",
          "resolved": "http://registry.npm.taobao.org/yargs/download/yargs-11.1.0.tgz",
          "integrity": "sha1-kLhpk07W6HERXqL/WLA/RyTtLXc="
        },
        "yargs-parser": {
          "version": "9.0.2",
          "resolved": "http://registry.npm.taobao.org/yargs-parser/download/yargs-parser-9.0.2.tgz",
          "integrity": "sha1-nM9qQ0YP5O1Aqbto9I1DuKaMwHc="
        }
      }
    },
    "react": {
      "version": "16.4.1",
      "resolved": "http://registry.npm.taobao.org/react/download/react-16.4.1.tgz",
      "integrity": "sha1-3lG6V2S1280fkHkDe4Yr0muC/jI="
    },
    "react-native": {
      "version": "0.56.0",
      "resolved": "http://registry.npm.taobao.org/react-native/download/react-native-0.56.0.tgz",
      "integrity": "sha1-ZmhveB7DmkQ3aq3Uu8VchXOrYeU=",
      "dependencies": {
        "fbjs": {
          "version": "0.8.16",
          "resolved": "http://registry.npm.taobao.org/fbjs/download/fbjs-0.8.16.tgz",
          "integrity": "sha1-XmdDL1UNxBtXK/VYR7ispk5TN9s="
        }
      }
    },
    "react-test-renderer": {
      "version": "16.4.1",
      "resolved": "http://registry.npm.taobao.org/react-test-renderer/download/react-test-renderer-16.4.1.tgz",
      "integrity": "sha1-8vswwse1F9tuWxDtILtrCnzNjXA=",
      "dev": true
    }
  }
}
